// !$*UTF8*$!
{
	archiveVersion = 1;
	classes = {
	};
	objectVersion = 50;
	objects = {

/* Begin PBXBuildFile section */
		6416CF762639004A004DFA59 /* 动态数组-数组.swift in Sources */ = {isa = PBXBuildFile; fileRef = 6416CF742639004A004DFA59 /* 动态数组-数组.swift */; };
		6416CF772639004A004DFA59 /* 斐波那契数列.swift in Sources */ = {isa = PBXBuildFile; fileRef = 6416CF752639004A004DFA59 /* 斐波那契数列.swift */; };
		6416CF7B263900BA004DFA59 /* 动态数组-链表.swift in Sources */ = {isa = PBXBuildFile; fileRef = 6416CF7A263900BA004DFA59 /* 动态数组-链表.swift */; };
		6416CF80263900FE004DFA59 /* 876. 链表的中间结点.swift in Sources */ = {isa = PBXBuildFile; fileRef = 6416CF7F263900FE004DFA59 /* 876. 链表的中间结点.swift */; };
		6416CF8226390137004DFA59 /* 83. 删除排序链表中的重复元素.swift in Sources */ = {isa = PBXBuildFile; fileRef = 6416CF8126390137004DFA59 /* 83. 删除排序链表中的重复元素.swift */; };
		6416CF8626390163004DFA59 /* 141. 环形链表.swift in Sources */ = {isa = PBXBuildFile; fileRef = 6416CF8526390163004DFA59 /* 141. 环形链表.swift */; };
		6416CF882639017A004DFA59 /* 203. 移除链表元素.swift in Sources */ = {isa = PBXBuildFile; fileRef = 6416CF872639017A004DFA59 /* 203. 移除链表元素.swift */; };
		6416CF8A26390191004DFA59 /* 206. 反转链表.swift in Sources */ = {isa = PBXBuildFile; fileRef = 6416CF8926390191004DFA59 /* 206. 反转链表.swift */; };
		6416CF8C263901AA004DFA59 /* 237. 删除链表中的节点.swift in Sources */ = {isa = PBXBuildFile; fileRef = 6416CF8B263901AA004DFA59 /* 237. 删除链表中的节点.swift */; };
		6416CF8F263901E3004DFA59 /* 509. 斐波那契数.swift in Sources */ = {isa = PBXBuildFile; fileRef = 6416CF8E263901E3004DFA59 /* 509. 斐波那契数.swift */; };
		6416CF91263901FD004DFA59 /* 剑指 Offer 18. 删除链表的节点.swift in Sources */ = {isa = PBXBuildFile; fileRef = 6416CF90263901FD004DFA59 /* 剑指 Offer 18. 删除链表的节点.swift */; };
		6416CF94263902A8004DFA59 /* ListNode.swift in Sources */ = {isa = PBXBuildFile; fileRef = 6416CF93263902A8004DFA59 /* ListNode.swift */; };
		6417DC622638FF5600611765 /* main.swift in Sources */ = {isa = PBXBuildFile; fileRef = 6417DC612638FF5600611765 /* main.swift */; };
/* End PBXBuildFile section */

/* Begin PBXCopyFilesBuildPhase section */
		6417DC5C2638FF5600611765 /* CopyFiles */ = {
			isa = PBXCopyFilesBuildPhase;
			buildActionMask = 2147483647;
			dstPath = /usr/share/man/man1/;
			dstSubfolderSpec = 0;
			files = (
			);
			runOnlyForDeploymentPostprocessing = 1;
		};
/* End PBXCopyFilesBuildPhase section */

/* Begin PBXFileReference section */
		6416CF742639004A004DFA59 /* 动态数组-数组.swift */ = {isa = PBXFileReference; fileEncoding = 4; lastKnownFileType = sourcecode.swift; path = "动态数组-数组.swift"; sourceTree = "<group>"; };
		6416CF752639004A004DFA59 /* 斐波那契数列.swift */ = {isa = PBXFileReference; fileEncoding = 4; lastKnownFileType = sourcecode.swift; path = "斐波那契数列.swift"; sourceTree = "<group>"; };
		6416CF7A263900BA004DFA59 /* 动态数组-链表.swift */ = {isa = PBXFileReference; lastKnownFileType = sourcecode.swift; path = "动态数组-链表.swift"; sourceTree = "<group>"; };
		6416CF7F263900FE004DFA59 /* 876. 链表的中间结点.swift */ = {isa = PBXFileReference; lastKnownFileType = sourcecode.swift; path = "876. 链表的中间结点.swift"; sourceTree = "<group>"; };
		6416CF8126390137004DFA59 /* 83. 删除排序链表中的重复元素.swift */ = {isa = PBXFileReference; lastKnownFileType = sourcecode.swift; path = "83. 删除排序链表中的重复元素.swift"; sourceTree = "<group>"; };
		6416CF8526390163004DFA59 /* 141. 环形链表.swift */ = {isa = PBXFileReference; lastKnownFileType = sourcecode.swift; path = "141. 环形链表.swift"; sourceTree = "<group>"; };
		6416CF872639017A004DFA59 /* 203. 移除链表元素.swift */ = {isa = PBXFileReference; lastKnownFileType = sourcecode.swift; path = "203. 移除链表元素.swift"; sourceTree = "<group>"; };
		6416CF8926390191004DFA59 /* 206. 反转链表.swift */ = {isa = PBXFileReference; lastKnownFileType = sourcecode.swift; path = "206. 反转链表.swift"; sourceTree = "<group>"; };
		6416CF8B263901AA004DFA59 /* 237. 删除链表中的节点.swift */ = {isa = PBXFileReference; lastKnownFileType = sourcecode.swift; path = "237. 删除链表中的节点.swift"; sourceTree = "<group>"; };
		6416CF8E263901E3004DFA59 /* 509. 斐波那契数.swift */ = {isa = PBXFileReference; lastKnownFileType = sourcecode.swift; path = "509. 斐波那契数.swift"; sourceTree = "<group>"; };
		6416CF90263901FD004DFA59 /* 剑指 Offer 18. 删除链表的节点.swift */ = {isa = PBXFileReference; lastKnownFileType = sourcecode.swift; path = "剑指 Offer 18. 删除链表的节点.swift"; sourceTree = "<group>"; };
		6416CF93263902A8004DFA59 /* ListNode.swift */ = {isa = PBXFileReference; lastKnownFileType = sourcecode.swift; path = ListNode.swift; sourceTree = "<group>"; };
		6417DC5E2638FF5600611765 /* 算法 */ = {isa = PBXFileReference; explicitFileType = "compiled.mach-o.executable"; includeInIndex = 0; path = "算法"; sourceTree = BUILT_PRODUCTS_DIR; };
		6417DC612638FF5600611765 /* main.swift */ = {isa = PBXFileReference; lastKnownFileType = sourcecode.swift; path = main.swift; sourceTree = "<group>"; };
/* End PBXFileReference section */

/* Begin PBXFrameworksBuildPhase section */
		6417DC5B2638FF5600611765 /* Frameworks */ = {
			isa = PBXFrameworksBuildPhase;
			buildActionMask = 2147483647;
			files = (
			);
			runOnlyForDeploymentPostprocessing = 0;
		};
/* End PBXFrameworksBuildPhase section */

/* Begin PBXGroup section */
		6416CF782639008A004DFA59 /* 斐波那契数列 */ = {
			isa = PBXGroup;
			children = (
				6416CF752639004A004DFA59 /* 斐波那契数列.swift */,
			);
			path = "斐波那契数列";
			sourceTree = "<group>";
		};
		6416CF7926390099004DFA59 /* 动态数组 */ = {
			isa = PBXGroup;
			children = (
				6416CF742639004A004DFA59 /* 动态数组-数组.swift */,
				6416CF7A263900BA004DFA59 /* 动态数组-链表.swift */,
			);
			path = "动态数组";
			sourceTree = "<group>";
		};
		6416CF7D263900D9004DFA59 /* Leetcode */ = {
			isa = PBXGroup;
			children = (
				6416CF8D263901D5004DFA59 /* 斐波那契数 */,
				6416CF7E263900ED004DFA59 /* 链表 */,
			);
			path = Leetcode;
			sourceTree = "<group>";
		};
		6416CF7E263900ED004DFA59 /* 链表 */ = {
			isa = PBXGroup;
			children = (
				6416CF7F263900FE004DFA59 /* 876. 链表的中间结点.swift */,
				6416CF8526390163004DFA59 /* 141. 环形链表.swift */,
				6416CF8926390191004DFA59 /* 206. 反转链表.swift */,
				6416CF8B263901AA004DFA59 /* 237. 删除链表中的节点.swift */,
				6416CF8126390137004DFA59 /* 83. 删除排序链表中的重复元素.swift */,
				6416CF90263901FD004DFA59 /* 剑指 Offer 18. 删除链表的节点.swift */,
				6416CF872639017A004DFA59 /* 203. 移除链表元素.swift */,
			);
			path = "链表";
			sourceTree = "<group>";
		};
		6416CF8D263901D5004DFA59 /* 斐波那契数 */ = {
			isa = PBXGroup;
			children = (
				6416CF8E263901E3004DFA59 /* 509. 斐波那契数.swift */,
			);
			path = "斐波那契数";
			sourceTree = "<group>";
		};
		6416CF9226390291004DFA59 /* 工具 */ = {
			isa = PBXGroup;
			children = (
				6416CF93263902A8004DFA59 /* ListNode.swift */,
			);
			path = "工具";
			sourceTree = "<group>";
		};
		6417DC552638FF5600611765 = {
			isa = PBXGroup;
			children = (
				6417DC602638FF5600611765 /* 算法 */,
				6417DC5F2638FF5600611765 /* Products */,
			);
			sourceTree = "<group>";
		};
		6417DC5F2638FF5600611765 /* Products */ = {
			isa = PBXGroup;
			children = (
				6417DC5E2638FF5600611765 /* 算法 */,
			);
			name = Products;
			sourceTree = "<group>";
		};
		6417DC602638FF5600611765 /* 算法 */ = {
			isa = PBXGroup;
			children = (
				6417DC612638FF5600611765 /* main.swift */,
				6416CF9226390291004DFA59 /* 工具 */,
				6416CF7D263900D9004DFA59 /* Leetcode */,
				6416CF7926390099004DFA59 /* 动态数组 */,
				6416CF782639008A004DFA59 /* 斐波那契数列 */,
			);
			path = "算法";
			sourceTree = "<group>";
		};
/* End PBXGroup section */

/* Begin PBXNativeTarget section */
		6417DC5D2638FF5600611765 /* 算法 */ = {
			isa = PBXNativeTarget;
			buildConfigurationList = 6417DC652638FF5600611765 /* Build configuration list for PBXNativeTarget "算法" */;
			buildPhases = (
				6417DC5A2638FF5600611765 /* Sources */,
				6417DC5B2638FF5600611765 /* Frameworks */,
				6417DC5C2638FF5600611765 /* CopyFiles */,
			);
			buildRules = (
			);
			dependencies = (
			);
			name = "算法";
			productName = "算法";
			productReference = 6417DC5E2638FF5600611765 /* 算法 */;
			productType = "com.apple.product-type.tool";
		};
/* End PBXNativeTarget section */

/* Begin PBXProject section */
		6417DC562638FF5600611765 /* Project object */ = {
			isa = PBXProject;
			attributes = {
				LastSwiftUpdateCheck = 1240;
				LastUpgradeCheck = 1240;
				TargetAttributes = {
					6417DC5D2638FF5600611765 = {
						CreatedOnToolsVersion = 12.4;
					};
				};
			};
			buildConfigurationList = 6417DC592638FF5600611765 /* Build configuration list for PBXProject "算法" */;
			compatibilityVersion = "Xcode 9.3";
			developmentRegion = en;
			hasScannedForEncodings = 0;
			knownRegions = (
				en,
				Base,
			);
			mainGroup = 6417DC552638FF5600611765;
			productRefGroup = 6417DC5F2638FF5600611765 /* Products */;
			projectDirPath = "";
			projectRoot = "";
			targets = (
				6417DC5D2638FF5600611765 /* 算法 */,
			);
		};
/* End PBXProject section */

/* Begin PBXSourcesBuildPhase section */
		6417DC5A2638FF5600611765 /* Sources */ = {
			isa = PBXSourcesBuildPhase;
			buildActionMask = 2147483647;
			files = (
				6416CF8F263901E3004DFA59 /* 509. 斐波那契数.swift in Sources */,
				6416CF7B263900BA004DFA59 /* 动态数组-链表.swift in Sources */,
				6416CF8226390137004DFA59 /* 83. 删除排序链表中的重复元素.swift in Sources */,
				6416CF91263901FD004DFA59 /* 剑指 Offer 18. 删除链表的节点.swift in Sources */,
				6416CF8C263901AA004DFA59 /* 237. 删除链表中的节点.swift in Sources */,
				6416CF8A26390191004DFA59 /* 206. 反转链表.swift in Sources */,
				6416CF762639004A004DFA59 /* 动态数组-数组.swift in Sources */,
				6416CF772639004A004DFA59 /* 斐波那契数列.swift in Sources */,
				6416CF94263902A8004DFA59 /* ListNode.swift in Sources */,
				6417DC622638FF5600611765 /* main.swift in Sources */,
				6416CF80263900FE004DFA59 /* 876. 链表的中间结点.swift in Sources */,
				6416CF8626390163004DFA59 /* 141. 环形链表.swift in Sources */,
				6416CF882639017A004DFA59 /* 203. 移除链表元素.swift in Sources */,
			);
			runOnlyForDeploymentPostprocessing = 0;
		};
/* End PBXSourcesBuildPhase section */

/* Begin XCBuildConfiguration section */
		6417DC632638FF5600611765 /* Debug */ = {
			isa = XCBuildConfiguration;
			buildSettings = {
				ALWAYS_SEARCH_USER_PATHS = NO;
				CLANG_ANALYZER_NONNULL = YES;
				CLANG_ANALYZER_NUMBER_OBJECT_CONVERSION = YES_AGGRESSIVE;
				CLANG_CXX_LANGUAGE_STANDARD = "gnu++14";
				CLANG_CXX_LIBRARY = "libc++";
				CLANG_ENABLE_MODULES = YES;
				CLANG_ENABLE_OBJC_ARC = YES;
				CLANG_ENABLE_OBJC_WEAK = YES;
				CLANG_WARN_BLOCK_CAPTURE_AUTORELEASING = YES;
				CLANG_WARN_BOOL_CONVERSION = YES;
				CLANG_WARN_COMMA = YES;
				CLANG_WARN_CONSTANT_CONVERSION = YES;
				CLANG_WARN_DEPRECATED_OBJC_IMPLEMENTATIONS = YES;
				CLANG_WARN_DIRECT_OBJC_ISA_USAGE = YES_ERROR;
				CLANG_WARN_DOCUMENTATION_COMMENTS = YES;
				CLANG_WARN_EMPTY_BODY = YES;
				CLANG_WARN_ENUM_CONVERSION = YES;
				CLANG_WARN_INFINITE_RECURSION = YES;
				CLANG_WARN_INT_CONVERSION = YES;
				CLANG_WARN_NON_LITERAL_NULL_CONVERSION = YES;
				CLANG_WARN_OBJC_IMPLICIT_RETAIN_SELF = YES;
				CLANG_WARN_OBJC_LITERAL_CONVERSION = YES;
				CLANG_WARN_OBJC_ROOT_CLASS = YES_ERROR;
				CLANG_WARN_QUOTED_INCLUDE_IN_FRAMEWORK_HEADER = YES;
				CLANG_WARN_RANGE_LOOP_ANALYSIS = YES;
				CLANG_WARN_STRICT_PROTOTYPES = YES;
				CLANG_WARN_SUSPICIOUS_MOVE = YES;
				CLANG_WARN_UNGUARDED_AVAILABILITY = YES_AGGRESSIVE;
				CLANG_WARN_UNREACHABLE_CODE = YES;
				CLANG_WARN__DUPLICATE_METHOD_MATCH = YES;
				COPY_PHASE_STRIP = NO;
				DEBUG_INFORMATION_FORMAT = dwarf;
				ENABLE_STRICT_OBJC_MSGSEND = YES;
				ENABLE_TESTABILITY = YES;
				GCC_C_LANGUAGE_STANDARD = gnu11;
				GCC_DYNAMIC_NO_PIC = NO;
				GCC_NO_COMMON_BLOCKS = YES;
				GCC_OPTIMIZATION_LEVEL = 0;
				GCC_PREPROCESSOR_DEFINITIONS = (
					"DEBUG=1",
					"$(inherited)",
				);
				GCC_WARN_64_TO_32_BIT_CONVERSION = YES;
				GCC_WARN_ABOUT_RETURN_TYPE = YES_ERROR;
				GCC_WARN_UNDECLARED_SELECTOR = YES;
				GCC_WARN_UNINITIALIZED_AUTOS = YES_AGGRESSIVE;
				GCC_WARN_UNUSED_FUNCTION = YES;
				GCC_WARN_UNUSED_VARIABLE = YES;
				MACOSX_DEPLOYMENT_TARGET = 11.1;
				MTL_ENABLE_DEBUG_INFO = INCLUDE_SOURCE;
				MTL_FAST_MATH = YES;
				ONLY_ACTIVE_ARCH = YES;
				SDKROOT = macosx;
				SWIFT_ACTIVE_COMPILATION_CONDITIONS = DEBUG;
				SWIFT_OPTIMIZATION_LEVEL = "-Onone";
			};
			name = Debug;
		};
		6417DC642638FF5600611765 /* Release */ = {
			isa = XCBuildConfiguration;
			buildSettings = {
				ALWAYS_SEARCH_USER_PATHS = NO;
				CLANG_ANALYZER_NONNULL = YES;
				CLANG_ANALYZER_NUMBER_OBJECT_CONVERSION = YES_AGGRESSIVE;
				CLANG_CXX_LANGUAGE_STANDARD = "gnu++14";
				CLANG_CXX_LIBRARY = "libc++";
				CLANG_ENABLE_MODULES = YES;
				CLANG_ENABLE_OBJC_ARC = YES;
				CLANG_ENABLE_OBJC_WEAK = YES;
				CLANG_WARN_BLOCK_CAPTURE_AUTORELEASING = YES;
				CLANG_WARN_BOOL_CONVERSION = YES;
				CLANG_WARN_COMMA = YES;
				CLANG_WARN_CONSTANT_CONVERSION = YES;
				CLANG_WARN_DEPRECATED_OBJC_IMPLEMENTATIONS = YES;
				CLANG_WARN_DIRECT_OBJC_ISA_USAGE = YES_ERROR;
				CLANG_WARN_DOCUMENTATION_COMMENTS = YES;
				CLANG_WARN_EMPTY_BODY = YES;
				CLANG_WARN_ENUM_CONVERSION = YES;
				CLANG_WARN_INFINITE_RECURSION = YES;
				CLANG_WARN_INT_CONVERSION = YES;
				CLANG_WARN_NON_LITERAL_NULL_CONVERSION = YES;
				CLANG_WARN_OBJC_IMPLICIT_RETAIN_SELF = YES;
				CLANG_WARN_OBJC_LITERAL_CONVERSION = YES;
				CLANG_WARN_OBJC_ROOT_CLASS = YES_ERROR;
				CLANG_WARN_QUOTED_INCLUDE_IN_FRAMEWORK_HEADER = YES;
				CLANG_WARN_RANGE_LOOP_ANALYSIS = YES;
				CLANG_WARN_STRICT_PROTOTYPES = YES;
				CLANG_WARN_SUSPICIOUS_MOVE = YES;
				CLANG_WARN_UNGUARDED_AVAILABILITY = YES_AGGRESSIVE;
				CLANG_WARN_UNREACHABLE_CODE = YES;
				CLANG_WARN__DUPLICATE_METHOD_MATCH = YES;
				COPY_PHASE_STRIP = NO;
				DEBUG_INFORMATION_FORMAT = "dwarf-with-dsym";
				ENABLE_NS_ASSERTIONS = NO;
				ENABLE_STRICT_OBJC_MSGSEND = YES;
				GCC_C_LANGUAGE_STANDARD = gnu11;
				GCC_NO_COMMON_BLOCKS = YES;
				GCC_WARN_64_TO_32_BIT_CONVERSION = YES;
				GCC_WARN_ABOUT_RETURN_TYPE = YES_ERROR;
				GCC_WARN_UNDECLARED_SELECTOR = YES;
				GCC_WARN_UNINITIALIZED_AUTOS = YES_AGGRESSIVE;
				GCC_WARN_UNUSED_FUNCTION = YES;
				GCC_WARN_UNUSED_VARIABLE = YES;
				MACOSX_DEPLOYMENT_TARGET = 11.1;
				MTL_ENABLE_DEBUG_INFO = NO;
				MTL_FAST_MATH = YES;
				SDKROOT = macosx;
				SWIFT_COMPILATION_MODE = wholemodule;
				SWIFT_OPTIMIZATION_LEVEL = "-O";
			};
			name = Release;
		};
		6417DC662638FF5600611765 /* Debug */ = {
			isa = XCBuildConfiguration;
			buildSettings = {
				CODE_SIGN_STYLE = Automatic;
				PRODUCT_NAME = "$(TARGET_NAME)";
				SWIFT_VERSION = 5.0;
			};
			name = Debug;
		};
		6417DC672638FF5600611765 /* Release */ = {
			isa = XCBuildConfiguration;
			buildSettings = {
				CODE_SIGN_STYLE = Automatic;
				PRODUCT_NAME = "$(TARGET_NAME)";
				SWIFT_VERSION = 5.0;
			};
			name = Release;
		};
/* End XCBuildConfiguration section */

/* Begin XCConfigurationList section */
		6417DC592638FF5600611765 /* Build configuration list for PBXProject "算法" */ = {
			isa = XCConfigurationList;
			buildConfigurations = (
				6417DC632638FF5600611765 /* Debug */,
				6417DC642638FF5600611765 /* Release */,
			);
			defaultConfigurationIsVisible = 0;
			defaultConfigurationName = Release;
		};
		6417DC652638FF5600611765 /* Build configuration list for PBXNativeTarget "算法" */ = {
			isa = XCConfigurationList;
			buildConfigurations = (
				6417DC662638FF5600611765 /* Debug */,
				6417DC672638FF5600611765 /* Release */,
			);
			defaultConfigurationIsVisible = 0;
			defaultConfigurationName = Release;
		};
/* End XCConfigurationList section */
	};
	rootObject = 6417DC562638FF5600611765 /* Project object */;
}
